// !$*UTF8*$!
{
	archiveVersion = 1;
	classes = {
	};
	objectVersion = 52;
	objects = {

/* Begin PBXBuildFile section */
		5C50EFCE23C5ED9D00FC686C /* OnboardViewController.swift in Sources */ = {isa = PBXBuildFile; fileRef = 5C50EFCD23C5ED9D00FC686C /* OnboardViewController.swift */; };
		5C50EFD223C5F01600FC686C /* SettingsViewController.swift in Sources */ = {isa = PBXBuildFile; fileRef = 5C50EFD123C5F01600FC686C /* SettingsViewController.swift */; };
		67B236DDE1C3BADABBCB4FAD /* Pods_GPA_Calculator.framework in Frameworks */ = {isa = PBXBuildFile; fileRef = 8F28CBEBA90B1304708BDA19 /* Pods_GPA_Calculator.framework */; };
		867D43F32C9C788600A7C664 /* GPACalculatorVC.swift in Sources */ = {isa = PBXBuildFile; fileRef = 867D43F22C9C788600A7C664 /* GPACalculatorVC.swift */; };
		867D43FC2C9C937500A7C664 /* HeaderCell.swift in Sources */ = {isa = PBXBuildFile; fileRef = 867D43FA2C9C937500A7C664 /* HeaderCell.swift */; };
		867D43FD2C9C937500A7C664 /* HeaderCell.xib in Resources */ = {isa = PBXBuildFile; fileRef = 867D43FB2C9C937500A7C664 /* HeaderCell.xib */; };
		867D44002C9C939B00A7C664 /* ContentCell.swift in Sources */ = {isa = PBXBuildFile; fileRef = 867D43FE2C9C939A00A7C664 /* ContentCell.swift */; };
		867D44012C9C939B00A7C664 /* ContentCell.xib in Resources */ = {isa = PBXBuildFile; fileRef = 867D43FF2C9C939A00A7C664 /* ContentCell.xib */; };
		867D44042C9C93B300A7C664 /* FooterCell.swift in Sources */ = {isa = PBXBuildFile; fileRef = 867D44022C9C93B300A7C664 /* FooterCell.swift */; };
		867D44052C9C93B300A7C664 /* FooterCell.xib in Resources */ = {isa = PBXBuildFile; fileRef = 867D44032C9C93B300A7C664 /* FooterCell.xib */; };
		867D44082C9C994300A7C664 /* GPACalculator.xcdatamodeld in Sources */ = {isa = PBXBuildFile; fileRef = 867D44062C9C994300A7C664 /* GPACalculator.xcdatamodeld */; };
		867D440A2C9C9A4F00A7C664 /* PersistenceController.swift in Sources */ = {isa = PBXBuildFile; fileRef = 867D44092C9C9A4F00A7C664 /* PersistenceController.swift */; };
		86B120BB2CA02169000CB4AB /* TermManagerVC.xib in Resources */ = {isa = PBXBuildFile; fileRef = 86B120BA2CA02168000CB4AB /* TermManagerVC.xib */; };
		86B120BC2CA02169000CB4AB /* TermManagerVC.swift in Sources */ = {isa = PBXBuildFile; fileRef = 86B120B92CA02168000CB4AB /* TermManagerVC.swift */; };
		86B120C42CA025A4000CB4AB /* TermManagerContentCell.xib in Resources */ = {isa = PBXBuildFile; fileRef = 86B120C32CA025A4000CB4AB /* TermManagerContentCell.xib */; };
		86B120C52CA025A4000CB4AB /* TermManagerContentCell.swift in Sources */ = {isa = PBXBuildFile; fileRef = 86B120C22CA025A4000CB4AB /* TermManagerContentCell.swift */; };
		86B120C82CA025B4000CB4AB /* TermManagerFooterCell.xib in Resources */ = {isa = PBXBuildFile; fileRef = 86B120C72CA025B4000CB4AB /* TermManagerFooterCell.xib */; };
		86B120C92CA025B4000CB4AB /* TermManagerFooterCell.swift in Sources */ = {isa = PBXBuildFile; fileRef = 86B120C62CA025B4000CB4AB /* TermManagerFooterCell.swift */; };
		992F79A421FA64AA00EB661F /* GradeCell.swift in Sources */ = {isa = PBXBuildFile; fileRef = 992F79A321FA64A900EB661F /* GradeCell.swift */; };
		992F79A621FA687B00EB661F /* DesignableXView.swift in Sources */ = {isa = PBXBuildFile; fileRef = 992F79A521FA687B00EB661F /* DesignableXView.swift */; };
		9943CDDF1EC9FF5600449555 /* AppDelegate.swift in Sources */ = {isa = PBXBuildFile; fileRef = 9943CDDE1EC9FF5600449555 /* AppDelegate.swift */; };
		9943CDE11EC9FF5600449555 /* ViewController.swift in Sources */ = {isa = PBXBuildFile; fileRef = 9943CDE01EC9FF5600449555 /* ViewController.swift */; };
		9943CE031ECA000900449555 /* Convertions.swift in Sources */ = {isa = PBXBuildFile; fileRef = 9943CDFF1ECA000900449555 /* Convertions.swift */; };
		9943CE061ECA000900449555 /* Functions.swift in Sources */ = {isa = PBXBuildFile; fileRef = 9943CE021ECA000900449555 /* Functions.swift */; };
		9943CE0A1ECA002E00449555 /* Grade.swift in Sources */ = {isa = PBXBuildFile; fileRef = 9943CE091ECA002E00449555 /* Grade.swift */; };
		9943CE0E1ECA00A300449555 /* Main.storyboard in Resources */ = {isa = PBXBuildFile; fileRef = 9943CE0D1ECA00A300449555 /* Main.storyboard */; };
		9943CE101ECA00AB00449555 /* LaunchScreen.storyboard in Resources */ = {isa = PBXBuildFile; fileRef = 9943CE0F1ECA00AB00449555 /* LaunchScreen.storyboard */; };
		9943CE121ECA00E600449555 /* Assets.xcassets in Resources */ = {isa = PBXBuildFile; fileRef = 9943CE111ECA00E600449555 /* Assets.xcassets */; };
/* End PBXBuildFile section */

/* Begin PBXFileReference section */
		002DA430E79FC9D472F1F3B9 /* Pods-GPA Calculator.release.xcconfig */ = {isa = PBXFileReference; includeInIndex = 1; lastKnownFileType = text.xcconfig; name = "Pods-GPA Calculator.release.xcconfig"; path = "Pods/Target Support Files/Pods-GPA Calculator/Pods-GPA Calculator.release.xcconfig"; sourceTree = "<group>"; };
		5C50EFCD23C5ED9D00FC686C /* OnboardViewController.swift */ = {isa = PBXFileReference; fileEncoding = 4; lastKnownFileType = sourcecode.swift; path = OnboardViewController.swift; sourceTree = "<group>"; };
		5C50EFD123C5F01600FC686C /* SettingsViewController.swift */ = {isa = PBXFileReference; fileEncoding = 4; lastKnownFileType = sourcecode.swift; path = SettingsViewController.swift; sourceTree = "<group>"; };
		5F074093A9AA3CB2780A64CD /* Pods-GPA Calculator.debug.xcconfig */ = {isa = PBXFileReference; includeInIndex = 1; lastKnownFileType = text.xcconfig; name = "Pods-GPA Calculator.debug.xcconfig"; path = "Pods/Target Support Files/Pods-GPA Calculator/Pods-GPA Calculator.debug.xcconfig"; sourceTree = "<group>"; };
		867D43F22C9C788600A7C664 /* GPACalculatorVC.swift */ = {isa = PBXFileReference; lastKnownFileType = sourcecode.swift; path = GPACalculatorVC.swift; sourceTree = "<group>"; };
		867D43FA2C9C937500A7C664 /* HeaderCell.swift */ = {isa = PBXFileReference; lastKnownFileType = sourcecode.swift; path = HeaderCell.swift; sourceTree = "<group>"; };
		867D43FB2C9C937500A7C664 /* HeaderCell.xib */ = {isa = PBXFileReference; lastKnownFileType = file.xib; path = HeaderCell.xib; sourceTree = "<group>"; };
		867D43FE2C9C939A00A7C664 /* ContentCell.swift */ = {isa = PBXFileReference; lastKnownFileType = sourcecode.swift; path = ContentCell.swift; sourceTree = "<group>"; };
		867D43FF2C9C939A00A7C664 /* ContentCell.xib */ = {isa = PBXFileReference; lastKnownFileType = file.xib; path = ContentCell.xib; sourceTree = "<group>"; };
		867D44022C9C93B300A7C664 /* FooterCell.swift */ = {isa = PBXFileReference; lastKnownFileType = sourcecode.swift; path = FooterCell.swift; sourceTree = "<group>"; };
		867D44032C9C93B300A7C664 /* FooterCell.xib */ = {isa = PBXFileReference; lastKnownFileType = file.xib; path = FooterCell.xib; sourceTree = "<group>"; };
		867D44072C9C994300A7C664 /* GPACalculator.xcdatamodel */ = {isa = PBXFileReference; lastKnownFileType = wrapper.xcdatamodel; path = GPACalculator.xcdatamodel; sourceTree = "<group>"; };
		867D44092C9C9A4F00A7C664 /* PersistenceController.swift */ = {isa = PBXFileReference; lastKnownFileType = sourcecode.swift; path = PersistenceController.swift; sourceTree = "<group>"; };
		86B120B92CA02168000CB4AB /* TermManagerVC.swift */ = {isa = PBXFileReference; lastKnownFileType = sourcecode.swift; path = TermManagerVC.swift; sourceTree = "<group>"; };
		86B120BA2CA02168000CB4AB /* TermManagerVC.xib */ = {isa = PBXFileReference; lastKnownFileType = file.xib; path = TermManagerVC.xib; sourceTree = "<group>"; };
		86B120C22CA025A4000CB4AB /* TermManagerContentCell.swift */ = {isa = PBXFileReference; lastKnownFileType = sourcecode.swift; path = TermManagerContentCell.swift; sourceTree = "<group>"; };
		86B120C32CA025A4000CB4AB /* TermManagerContentCell.xib */ = {isa = PBXFileReference; lastKnownFileType = file.xib; path = TermManagerContentCell.xib; sourceTree = "<group>"; };
		86B120C62CA025B4000CB4AB /* TermManagerFooterCell.swift */ = {isa = PBXFileReference; lastKnownFileType = sourcecode.swift; path = TermManagerFooterCell.swift; sourceTree = "<group>"; };
		86B120C72CA025B4000CB4AB /* TermManagerFooterCell.xib */ = {isa = PBXFileReference; lastKnownFileType = file.xib; path = TermManagerFooterCell.xib; sourceTree = "<group>"; };
		8F28CBEBA90B1304708BDA19 /* Pods_GPA_Calculator.framework */ = {isa = PBXFileReference; explicitFileType = wrapper.framework; includeInIndex = 0; path = Pods_GPA_Calculator.framework; sourceTree = BUILT_PRODUCTS_DIR; };
		9901362F1F825CFB00F6EA87 /* GPA Calculator.entitlements */ = {isa = PBXFileReference; lastKnownFileType = text.plist.entitlements; path = "GPA Calculator.entitlements"; sourceTree = "<group>"; };
		992F79A321FA64A900EB661F /* GradeCell.swift */ = {isa = PBXFileReference; lastKnownFileType = sourcecode.swift; path = GradeCell.swift; sourceTree = "<group>"; };
		992F79A521FA687B00EB661F /* DesignableXView.swift */ = {isa = PBXFileReference; lastKnownFileType = sourcecode.swift; path = DesignableXView.swift; sourceTree = "<group>"; };
		992F79A721FA765200EB661F /* KTCenterFlowLayout.framework */ = {isa = PBXFileReference; explicitFileType = wrapper.framework; path = KTCenterFlowLayout.framework; sourceTree = BUILT_PRODUCTS_DIR; };
		992F79A921FA766800EB661F /* SwiftyJSON.framework */ = {isa = PBXFileReference; explicitFileType = wrapper.framework; path = SwiftyJSON.framework; sourceTree = BUILT_PRODUCTS_DIR; };
		992F79AB21FA766F00EB661F /* FirebaseCore.framework */ = {isa = PBXFileReference; explicitFileType = wrapper.framework; path = FirebaseCore.framework; sourceTree = BUILT_PRODUCTS_DIR; };
		992F79AD21FA766F00EB661F /* GoogleUtilities.framework */ = {isa = PBXFileReference; explicitFileType = wrapper.framework; path = GoogleUtilities.framework; sourceTree = BUILT_PRODUCTS_DIR; };
		992F79AF21FA766F00EB661F /* nanopb.framework */ = {isa = PBXFileReference; explicitFileType = wrapper.framework; path = nanopb.framework; sourceTree = BUILT_PRODUCTS_DIR; };
		9943CDDB1EC9FF5600449555 /* GPA Calculator.app */ = {isa = PBXFileReference; explicitFileType = wrapper.application; includeInIndex = 0; path = "GPA Calculator.app"; sourceTree = BUILT_PRODUCTS_DIR; };
		9943CDDE1EC9FF5600449555 /* AppDelegate.swift */ = {isa = PBXFileReference; lastKnownFileType = sourcecode.swift; path = AppDelegate.swift; sourceTree = "<group>"; };
		9943CDE01EC9FF5600449555 /* ViewController.swift */ = {isa = PBXFileReference; lastKnownFileType = sourcecode.swift; path = ViewController.swift; sourceTree = "<group>"; };
		9943CDEA1EC9FF5600449555 /* Info.plist */ = {isa = PBXFileReference; lastKnownFileType = text.plist.xml; path = Info.plist; sourceTree = "<group>"; };
		9943CDFF1ECA000900449555 /* Convertions.swift */ = {isa = PBXFileReference; fileEncoding = 4; lastKnownFileType = sourcecode.swift; path = Convertions.swift; sourceTree = "<group>"; };
		9943CE021ECA000900449555 /* Functions.swift */ = {isa = PBXFileReference; fileEncoding = 4; lastKnownFileType = sourcecode.swift; path = Functions.swift; sourceTree = "<group>"; };
		9943CE091ECA002E00449555 /* Grade.swift */ = {isa = PBXFileReference; fileEncoding = 4; lastKnownFileType = sourcecode.swift; path = Grade.swift; sourceTree = "<group>"; };
		9943CE0D1ECA00A300449555 /* Main.storyboard */ = {isa = PBXFileReference; fileEncoding = 4; lastKnownFileType = file.storyboard; path = Main.storyboard; sourceTree = "<group>"; };
		9943CE0F1ECA00AB00449555 /* LaunchScreen.storyboard */ = {isa = PBXFileReference; fileEncoding = 4; lastKnownFileType = file.storyboard; path = LaunchScreen.storyboard; sourceTree = "<group>"; };
		9943CE111ECA00E600449555 /* Assets.xcassets */ = {isa = PBXFileReference; lastKnownFileType = folder.assetcatalog; path = Assets.xcassets; sourceTree = "<group>"; };
/* End PBXFileReference section */

/* Begin PBXFrameworksBuildPhase section */
		9943CDD81EC9FF5600449555 /* Frameworks */ = {
			isa = PBXFrameworksBuildPhase;
			buildActionMask = 2147483647;
			files = (
				67B236DDE1C3BADABBCB4FAD /* Pods_GPA_Calculator.framework in Frameworks */,
			);
			runOnlyForDeploymentPostprocessing = 0;
		};
/* End PBXFrameworksBuildPhase section */

/* Begin PBXGroup section */
		4ED3CB8090108961772A8335 /* Frameworks */ = {
			isa = PBXGroup;
			children = (
				992F79AB21FA766F00EB661F /* FirebaseCore.framework */,
				992F79AD21FA766F00EB661F /* GoogleUtilities.framework */,
				992F79AF21FA766F00EB661F /* nanopb.framework */,
				992F79A921FA766800EB661F /* SwiftyJSON.framework */,
				992F79A721FA765200EB661F /* KTCenterFlowLayout.framework */,
				8F28CBEBA90B1304708BDA19 /* Pods_GPA_Calculator.framework */,
			);
			name = Frameworks;
			sourceTree = "<group>";
		};
		58B218F44962C4ECEF4FE5C8 /* Pods */ = {
			isa = PBXGroup;
			children = (
				5F074093A9AA3CB2780A64CD /* Pods-GPA Calculator.debug.xcconfig */,
				002DA430E79FC9D472F1F3B9 /* Pods-GPA Calculator.release.xcconfig */,
			);
			name = Pods;
			sourceTree = "<group>";
		};
		86B120BD2CA0238F000CB4AB /* TermManager */ = {
			isa = PBXGroup;
			children = (
				86B120B92CA02168000CB4AB /* TermManagerVC.swift */,
				86B120BA2CA02168000CB4AB /* TermManagerVC.xib */,
				86B120C22CA025A4000CB4AB /* TermManagerContentCell.swift */,
				86B120C32CA025A4000CB4AB /* TermManagerContentCell.xib */,
				86B120C62CA025B4000CB4AB /* TermManagerFooterCell.swift */,
				86B120C72CA025B4000CB4AB /* TermManagerFooterCell.xib */,
			);
			path = TermManager;
			sourceTree = "<group>";
		};
		9943CDD21EC9FF5600449555 = {
			isa = PBXGroup;
			children = (
				9943CDDD1EC9FF5600449555 /* GPA Calculator */,
				4ED3CB8090108961772A8335 /* Frameworks */,
				58B218F44962C4ECEF4FE5C8 /* Pods */,
				9943CDDC1EC9FF5600449555 /* Products */,
			);
			sourceTree = "<group>";
		};
		9943CDDC1EC9FF5600449555 /* Products */ = {
			isa = PBXGroup;
			children = (
				9943CDDB1EC9FF5600449555 /* GPA Calculator.app */,
			);
			name = Products;
			sourceTree = "<group>";
		};
		9943CDDD1EC9FF5600449555 /* GPA Calculator */ = {
			isa = PBXGroup;
			children = (
				9901362F1F825CFB00F6EA87 /* GPA Calculator.entitlements */,
				9943CDEA1EC9FF5600449555 /* Info.plist */,
				9943CE0F1ECA00AB00449555 /* LaunchScreen.storyboard */,
				9943CE0D1ECA00A300449555 /* Main.storyboard */,
				9943CDDE1EC9FF5600449555 /* AppDelegate.swift */,
				867D44092C9C9A4F00A7C664 /* PersistenceController.swift */,
				867D44062C9C994300A7C664 /* GPACalculator.xcdatamodeld */,
				992F79A521FA687B00EB661F /* DesignableXView.swift */,
				992F79A321FA64A900EB661F /* GradeCell.swift */,
				9943CE111ECA00E600449555 /* Assets.xcassets */,
				9943CE071ECA001500449555 /* Controller */,
				9943CDF61EC9FFDE00449555 /* Helpers */,
				9943CE081ECA002600449555 /* Model */,
			);
			path = "GPA Calculator";
			sourceTree = "<group>";
		};
		9943CDF61EC9FFDE00449555 /* Helpers */ = {
			isa = PBXGroup;
			children = (
				9943CDFF1ECA000900449555 /* Convertions.swift */,
				9943CE021ECA000900449555 /* Functions.swift */,
			);
			name = Helpers;
			sourceTree = "<group>";
		};
		9943CE071ECA001500449555 /* Controller */ = {
			isa = PBXGroup;
			children = (
				5C50EFD123C5F01600FC686C /* SettingsViewController.swift */,
				9943CDE01EC9FF5600449555 /* ViewController.swift */,
				5C50EFCD23C5ED9D00FC686C /* OnboardViewController.swift */,
				867D43F22C9C788600A7C664 /* GPACalculatorVC.swift */,
				867D43FA2C9C937500A7C664 /* HeaderCell.swift */,
				867D43FB2C9C937500A7C664 /* HeaderCell.xib */,
				867D43FE2C9C939A00A7C664 /* ContentCell.swift */,
				867D43FF2C9C939A00A7C664 /* ContentCell.xib */,
				867D44022C9C93B300A7C664 /* FooterCell.swift */,
				867D44032C9C93B300A7C664 /* FooterCell.xib */,
				86B120BD2CA0238F000CB4AB /* TermManager */,
			);
			name = Controller;
			sourceTree = "<group>";
		};
		9943CE081ECA002600449555 /* Model */ = {
			isa = PBXGroup;
			children = (
				9943CE091ECA002E00449555 /* Grade.swift */,
			);
			name = Model;
			sourceTree = "<group>";
		};
/* End PBXGroup section */

/* Begin PBXNativeTarget section */
		9943CDDA1EC9FF5600449555 /* GPA Calculator */ = {
			isa = PBXNativeTarget;
			buildConfigurationList = 9943CDED1EC9FF5600449555 /* Build configuration list for PBXNativeTarget "GPA Calculator" */;
			buildPhases = (
				8246C487CC4923D1A1C353C6 /* [CP] Check Pods Manifest.lock */,
				9943CDD71EC9FF5600449555 /* Sources */,
				9943CDD81EC9FF5600449555 /* Frameworks */,
				9943CDD91EC9FF5600449555 /* Resources */,
				57651C32C6A541118ABAF14E /* [CP] Embed Pods Frameworks */,
			);
			buildRules = (
			);
			dependencies = (
			);
			name = "GPA Calculator";
			productName = "GPA Calculator";
			productReference = 9943CDDB1EC9FF5600449555 /* GPA Calculator.app */;
			productType = "com.apple.product-type.application";
		};
/* End PBXNativeTarget section */

/* Begin PBXProject section */
		9943CDD31EC9FF5600449555 /* Project object */ = {
			isa = PBXProject;
			attributes = {
				LastSwiftUpdateCheck = 0830;
				LastUpgradeCheck = 1130;
				ORGANIZATIONNAME = "Arsalan Iravani";
				TargetAttributes = {
					9943CDDA1EC9FF5600449555 = {
						CreatedOnToolsVersion = 8.3.2;
						LastSwiftMigration = 0900;
						ProvisioningStyle = Automatic;
						SystemCapabilities = {
							com.apple.Keychain = {
								enabled = 0;
							};
						};
					};
				};
			};
			buildConfigurationList = 9943CDD61EC9FF5600449555 /* Build configuration list for PBXProject "GPA Calculator" */;
			compatibilityVersion = "Xcode 11.0";
			developmentRegion = en;
			hasScannedForEncodings = 0;
			knownRegions = (
				en,
				Base,
			);
			mainGroup = 9943CDD21EC9FF5600449555;
			productRefGroup = 9943CDDC1EC9FF5600449555 /* Products */;
			projectDirPath = "";
			projectRoot = "";
			targets = (
				9943CDDA1EC9FF5600449555 /* GPA Calculator */,
			);
		};
/* End PBXProject section */

/* Begin PBXResourcesBuildPhase section */
		9943CDD91EC9FF5600449555 /* Resources */ = {
			isa = PBXResourcesBuildPhase;
			buildActionMask = 2147483647;
			files = (
				867D43FD2C9C937500A7C664 /* HeaderCell.xib in Resources */,
				86B120C42CA025A4000CB4AB /* TermManagerContentCell.xib in Resources */,
				86B120BB2CA02169000CB4AB /* TermManagerVC.xib in Resources */,
				867D44012C9C939B00A7C664 /* ContentCell.xib in Resources */,
				867D44052C9C93B300A7C664 /* FooterCell.xib in Resources */,
				86B120C82CA025B4000CB4AB /* TermManagerFooterCell.xib in Resources */,
				9943CE101ECA00AB00449555 /* LaunchScreen.storyboard in Resources */,
				9943CE121ECA00E600449555 /* Assets.xcassets in Resources */,
				9943CE0E1ECA00A300449555 /* Main.storyboard in Resources */,
			);
			runOnlyForDeploymentPostprocessing = 0;
		};
/* End PBXResourcesBuildPhase section */

/* Begin PBXShellScriptBuildPhase section */
		57651C32C6A541118ABAF14E /* [CP] Embed Pods Frameworks */ = {
			isa = PBXShellScriptBuildPhase;
			buildActionMask = 2147483647;
			files = (
			);
			inputFileListPaths = (
				"${PODS_ROOT}/Target Support Files/Pods-GPA Calculator/Pods-GPA Calculator-frameworks-${CONFIGURATION}-input-files.xcfilelist",
			);
			name = "[CP] Embed Pods Frameworks";
			outputFileListPaths = (
				"${PODS_ROOT}/Target Support Files/Pods-GPA Calculator/Pods-GPA Calculator-frameworks-${CONFIGURATION}-output-files.xcfilelist",
			);
			runOnlyForDeploymentPostprocessing = 0;
			shellPath = /bin/sh;
			shellScript = "\"${PODS_ROOT}/Target Support Files/Pods-GPA Calculator/Pods-GPA Calculator-frameworks.sh\"\n";
			showEnvVarsInLog = 0;
		};
		8246C487CC4923D1A1C353C6 /* [CP] Check Pods Manifest.lock */ = {
			isa = PBXShellScriptBuildPhase;
			buildActionMask = 2147483647;
			files = (
			);
			inputPaths = (
				"${PODS_PODFILE_DIR_PATH}/Podfile.lock",
				"${PODS_ROOT}/Manifest.lock",
			);
			name = "[CP] Check Pods Manifest.lock";
			outputPaths = (
				"$(DERIVED_FILE_DIR)/Pods-GPA Calculator-checkManifestLockResult.txt",
			);
			runOnlyForDeploymentPostprocessing = 0;
			shellPath = /bin/sh;
			shellScript = "diff \"${PODS_PODFILE_DIR_PATH}/Podfile.lock\" \"${PODS_ROOT}/Manifest.lock\" > /dev/null\nif [ $? != 0 ] ; then\n    # print error to STDERR\n    echo \"error: The sandbox is not in sync with the Podfile.lock. Run 'pod install' or update your CocoaPods installation.\" >&2\n    exit 1\nfi\n# This output is used by Xcode 'outputs' to avoid re-running this script phase.\necho \"SUCCESS\" > \"${SCRIPT_OUTPUT_FILE_0}\"\n";
			showEnvVarsInLog = 0;
		};
/* End PBXShellScriptBuildPhase section */

/* Begin PBXSourcesBuildPhase section */
		9943CDD71EC9FF5600449555 /* Sources */ = {
			isa = PBXSourcesBuildPhase;
			buildActionMask = 2147483647;
			files = (
				9943CE031ECA000900449555 /* Convertions.swift in Sources */,
				86B120C52CA025A4000CB4AB /* TermManagerContentCell.swift in Sources */,
				9943CDE11EC9FF5600449555 /* ViewController.swift in Sources */,
				9943CE0A1ECA002E00449555 /* Grade.swift in Sources */,
				867D43FC2C9C937500A7C664 /* HeaderCell.swift in Sources */,
				992F79A621FA687B00EB661F /* DesignableXView.swift in Sources */,
				5C50EFCE23C5ED9D00FC686C /* OnboardViewController.swift in Sources */,
				867D44042C9C93B300A7C664 /* FooterCell.swift in Sources */,
				867D44002C9C939B00A7C664 /* ContentCell.swift in Sources */,
				867D44082C9C994300A7C664 /* GPACalculator.xcdatamodeld in Sources */,
				867D440A2C9C9A4F00A7C664 /* PersistenceController.swift in Sources */,
				86B120BC2CA02169000CB4AB /* TermManagerVC.swift in Sources */,
				867D43F32C9C788600A7C664 /* GPACalculatorVC.swift in Sources */,
				992F79A421FA64AA00EB661F /* GradeCell.swift in Sources */,
				5C50EFD223C5F01600FC686C /* SettingsViewController.swift in Sources */,
				9943CDDF1EC9FF5600449555 /* AppDelegate.swift in Sources */,
				86B120C92CA025B4000CB4AB /* TermManagerFooterCell.swift in Sources */,
				9943CE061ECA000900449555 /* Functions.swift in Sources */,
			);
			runOnlyForDeploymentPostprocessing = 0;
		};
/* End PBXSourcesBuildPhase section */

/* Begin XCBuildConfiguration section */
		9943CDEB1EC9FF5600449555 /* Debug */ = {
			isa = XCBuildConfiguration;
			buildSettings = {
				ALWAYS_SEARCH_USER_PATHS = NO;
				CLANG_ANALYZER_LOCALIZABILITY_NONLOCALIZED = YES;
				CLANG_ANALYZER_NONNULL = YES;
				CLANG_ANALYZER_NUMBER_OBJECT_CONVERSION = YES_AGGRESSIVE;
				CLANG_CXX_LANGUAGE_STANDARD = "gnu++0x";
				CLANG_CXX_LIBRARY = "libc++";
				CLANG_ENABLE_MODULES = YES;
				CLANG_ENABLE_OBJC_ARC = YES;
				CLANG_WARN_BLOCK_CAPTURE_AUTORELEASING = YES;
				CLANG_WARN_BOOL_CONVERSION = YES;
				CLANG_WARN_COMMA = YES;
				CLANG_WARN_CONSTANT_CONVERSION = YES;
				CLANG_WARN_DEPRECATED_OBJC_IMPLEMENTATIONS = YES;
				CLANG_WARN_DIRECT_OBJC_ISA_USAGE = YES_ERROR;
				CLANG_WARN_DOCUMENTATION_COMMENTS = YES;
				CLANG_WARN_EMPTY_BODY = YES;
				CLANG_WARN_ENUM_CONVERSION = YES;
				CLANG_WARN_INFINITE_RECURSION = YES;
				CLANG_WARN_INT_CONVERSION = YES;
				CLANG_WARN_NON_LITERAL_NULL_CONVERSION = YES;
				CLANG_WARN_OBJC_IMPLICIT_RETAIN_SELF = YES;
				CLANG_WARN_OBJC_LITERAL_CONVERSION = YES;
				CLANG_WARN_OBJC_ROOT_CLASS = YES_ERROR;
				CLANG_WARN_RANGE_LOOP_ANALYSIS = YES;
				CLANG_WARN_STRICT_PROTOTYPES = YES;
				CLANG_WARN_SUSPICIOUS_MOVE = YES;
				CLANG_WARN_UNREACHABLE_CODE = YES;
				CLANG_WARN__DUPLICATE_METHOD_MATCH = YES;
				"CODE_SIGN_IDENTITY[sdk=iphoneos*]" = "iPhone Developer";
				COPY_PHASE_STRIP = NO;
				DEBUG_INFORMATION_FORMAT = dwarf;
				ENABLE_STRICT_OBJC_MSGSEND = YES;
				ENABLE_TESTABILITY = YES;
				GCC_C_LANGUAGE_STANDARD = gnu99;
				GCC_DYNAMIC_NO_PIC = NO;
				GCC_NO_COMMON_BLOCKS = YES;
				GCC_OPTIMIZATION_LEVEL = 0;
				GCC_PREPROCESSOR_DEFINITIONS = (
					"DEBUG=1",
					"$(inherited)",
				);
				GCC_WARN_64_TO_32_BIT_CONVERSION = YES;
				GCC_WARN_ABOUT_RETURN_TYPE = YES_ERROR;
				GCC_WARN_UNDECLARED_SELECTOR = YES;
				GCC_WARN_UNINITIALIZED_AUTOS = YES_AGGRESSIVE;
				GCC_WARN_UNUSED_FUNCTION = YES;
				GCC_WARN_UNUSED_VARIABLE = YES;
				IPHONEOS_DEPLOYMENT_TARGET = 10.3;
				MTL_ENABLE_DEBUG_INFO = YES;
				ONLY_ACTIVE_ARCH = YES;
				SDKROOT = iphoneos;
				SWIFT_ACTIVE_COMPILATION_CONDITIONS = DEBUG;
				SWIFT_OPTIMIZATION_LEVEL = "-Onone";
			};
			name = Debug;
		};
		9943CDEC1EC9FF5600449555 /* Release */ = {
			isa = XCBuildConfiguration;
			buildSettings = {
				ALWAYS_SEARCH_USER_PATHS = NO;
				CLANG_ANALYZER_LOCALIZABILITY_NONLOCALIZED = YES;
				CLANG_ANALYZER_NONNULL = YES;
				CLANG_ANALYZER_NUMBER_OBJECT_CONVERSION = YES_AGGRESSIVE;
				CLANG_CXX_LANGUAGE_STANDARD = "gnu++0x";
				CLANG_CXX_LIBRARY = "libc++";
				CLANG_ENABLE_MODULES = YES;
				CLANG_ENABLE_OBJC_ARC = YES;
				CLANG_WARN_BLOCK_CAPTURE_AUTORELEASING = YES;
				CLANG_WARN_BOOL_CONVERSION = YES;
				CLANG_WARN_COMMA = YES;
				CLANG_WARN_CONSTANT_CONVERSION = YES;
				CLANG_WARN_DEPRECATED_OBJC_IMPLEMENTATIONS = YES;
				CLANG_WARN_DIRECT_OBJC_ISA_USAGE = YES_ERROR;
				CLANG_WARN_DOCUMENTATION_COMMENTS = YES;
				CLANG_WARN_EMPTY_BODY = YES;
				CLANG_WARN_ENUM_CONVERSION = YES;
				CLANG_WARN_INFINITE_RECURSION = YES;
				CLANG_WARN_INT_CONVERSION = YES;
				CLANG_WARN_NON_LITERAL_NULL_CONVERSION = YES;
				CLANG_WARN_OBJC_IMPLICIT_RETAIN_SELF = YES;
				CLANG_WARN_OBJC_LITERAL_CONVERSION = YES;
				CLANG_WARN_OBJC_ROOT_CLASS = YES_ERROR;
				CLANG_WARN_RANGE_LOOP_ANALYSIS = YES;
				CLANG_WARN_STRICT_PROTOTYPES = YES;
				CLANG_WARN_SUSPICIOUS_MOVE = YES;
				CLANG_WARN_UNREACHABLE_CODE = YES;
				CLANG_WARN__DUPLICATE_METHOD_MATCH = YES;
				"CODE_SIGN_IDENTITY[sdk=iphoneos*]" = "iPhone Developer";
				COPY_PHASE_STRIP = NO;
				DEBUG_INFORMATION_FORMAT = "dwarf-with-dsym";
				ENABLE_NS_ASSERTIONS = NO;
				ENABLE_STRICT_OBJC_MSGSEND = YES;
				GCC_C_LANGUAGE_STANDARD = gnu99;
				GCC_NO_COMMON_BLOCKS = YES;
				GCC_WARN_64_TO_32_BIT_CONVERSION = YES;
				GCC_WARN_ABOUT_RETURN_TYPE = YES_ERROR;
				GCC_WARN_UNDECLARED_SELECTOR = YES;
				GCC_WARN_UNINITIALIZED_AUTOS = YES_AGGRESSIVE;
				GCC_WARN_UNUSED_FUNCTION = YES;
				GCC_WARN_UNUSED_VARIABLE = YES;
				IPHONEOS_DEPLOYMENT_TARGET = 10.3;
				MTL_ENABLE_DEBUG_INFO = NO;
				SDKROOT = iphoneos;
				SWIFT_COMPILATION_MODE = wholemodule;
				SWIFT_OPTIMIZATION_LEVEL = "-O";
				VALIDATE_PRODUCT = YES;
			};
			name = Release;
		};
		9943CDEE1EC9FF5600449555 /* Debug */ = {
			isa = XCBuildConfiguration;
			baseConfigurationReference = 5F074093A9AA3CB2780A64CD /* Pods-GPA Calculator.debug.xcconfig */;
			buildSettings = {
				ASSETCATALOG_COMPILER_APPICON_NAME = AppIcon;
				DEVELOPMENT_TEAM = VWF2A448BQ;
				FRAMEWORK_SEARCH_PATHS = (
					"$(inherited)",
					"$(PROJECT_DIR)/GPA\\ Calculator",
					"$(PROJECT_DIR)",
					"$(PROJECT_DIR)/GPA\\ Calculator",
					"$(PROJECT_DIR)/GPA\\ Calculator",
				);
				INFOPLIST_FILE = "GPA Calculator/Info.plist";
				IPHONEOS_DEPLOYMENT_TARGET = 14;
				LD_RUNPATH_SEARCH_PATHS = (
					"$(inherited)",
					"@executable_path/Frameworks",
				);
				MARKETING_VERSION = 1.5;
				PRODUCT_BUNDLE_IDENTIFIER = "com.Arsalan.GPA-Calculator";
				PRODUCT_NAME = "$(TARGET_NAME)";
				SWIFT_SWIFT3_OBJC_INFERENCE = On;
				SWIFT_VERSION = 5.0;
				TARGETED_DEVICE_FAMILY = "1,2";
			};
			name = Debug;
		};
		9943CDEF1EC9FF5600449555 /* Release */ = {
			isa = XCBuildConfiguration;
			baseConfigurationReference = 002DA430E79FC9D472F1F3B9 /* Pods-GPA Calculator.release.xcconfig */;
			buildSettings = {
				ASSETCATALOG_COMPILER_APPICON_NAME = AppIcon;
				DEVELOPMENT_TEAM = VWF2A448BQ;
				FRAMEWORK_SEARCH_PATHS = (
					"$(inherited)",
					"$(PROJECT_DIR)/GPA\\ Calculator",
					"$(PROJECT_DIR)",
					"$(PROJECT_DIR)/GPA\\ Calculator",
					"$(PROJECT_DIR)/GPA\\ Calculator",
				);
				INFOPLIST_FILE = "GPA Calculator/Info.plist";
				IPHONEOS_DEPLOYMENT_TARGET = 14;
				LD_RUNPATH_SEARCH_PATHS = (
					"$(inherited)",
					"@executable_path/Frameworks",
				);
				MARKETING_VERSION = 1.5;
				PRODUCT_BUNDLE_IDENTIFIER = "com.Arsalan.GPA-Calculator";
				PRODUCT_NAME = "$(TARGET_NAME)";
				SWIFT_SWIFT3_OBJC_INFERENCE = On;
				SWIFT_VERSION = 5.0;
				TARGETED_DEVICE_FAMILY = "1,2";
			};
			name = Release;
		};
/* End XCBuildConfiguration section */

/* Begin XCConfigurationList section */
		9943CDD61EC9FF5600449555 /* Build configuration list for PBXProject "GPA Calculator" */ = {
			isa = XCConfigurationList;
			buildConfigurations = (
				9943CDEB1EC9FF5600449555 /* Debug */,
				9943CDEC1EC9FF5600449555 /* Release */,
			);
			defaultConfigurationIsVisible = 0;
			defaultConfigurationName = Release;
		};
		9943CDED1EC9FF5600449555 /* Build configuration list for PBXNativeTarget "GPA Calculator" */ = {
			isa = XCConfigurationList;
			buildConfigurations = (
				9943CDEE1EC9FF5600449555 /* Debug */,
				9943CDEF1EC9FF5600449555 /* Release */,
			);
			defaultConfigurationIsVisible = 0;
			defaultConfigurationName = Release;
		};
/* End XCConfigurationList section */

/* Begin XCVersionGroup section */
		867D44062C9C994300A7C664 /* GPACalculator.xcdatamodeld */ = {
			isa = XCVersionGroup;
			children = (
				867D44072C9C994300A7C664 /* GPACalculator.xcdatamodel */,
			);
			currentVersion = 867D44072C9C994300A7C664 /* GPACalculator.xcdatamodel */;
			path = GPACalculator.xcdatamodeld;
			sourceTree = "<group>";
			versionGroupType = wrapper.xcdatamodel;
		};
/* End XCVersionGroup section */
	};
	rootObject = 9943CDD31EC9FF5600449555 /* Project object */;
}
